
Microsoft Visual Studio Solution File, Format Version 12.00
# Visual Studio Version 16
VisualStudioVersion = 25.0.1700.6
MinimumVisualStudioVersion = 10.0.40219.1
Project("{FAE04EC0-301F-11D3-BF4B-00C04F79EFBC}") = "LT.Customer.Api", "problem\LT.Customer.Api.csproj", "{2A2DD4EE-7BC4-4C6D-97A3-C761DBCAAAD0}"
EndProject
Project("{FAE04EC0-301F-11D3-BF4B-00C04F79EFBC}") = "LT.Customer.Entities", "Entities\LT.Customer.Entities.csproj", "{A0D6950E-09CB-437D-8FB9-7D5EE3EAF3DB}"
EndProject
Project("{FAE04EC0-301F-11D3-BF4B-00C04F79EFBC}") = "LT.Customer.DataAccess", "DataLayer\LT.Customer.DataAccess.csproj", "{B854EA71-AD14-4A83-BAE0-40AEC7A98FFE}"
EndProject
Project("{FAE04EC0-301F-11D3-BF4B-00C04F79EFBC}") = "LT.Customer.Business", "LT.Customer.Business\LT.Customer.Business.csproj", "{EBBBAC4A-752F-4069-B0CD-D9054386FB4C}"
EndProject
Global
	GlobalSection(SolutionConfigurationPlatforms) = preSolution
		Debug|Any CPU = Debug|Any CPU
		Release|Any CPU = Release|Any CPU
	EndGlobalSection
	GlobalSection(ProjectConfigurationPlatforms) = postSolution
		{2A2DD4EE-7BC4-4C6D-97A3-C761DBCAAAD0}.Debug|Any CPU.ActiveCfg = Debug|Any CPU
		{2A2DD4EE-7BC4-4C6D-97A3-C761DBCAAAD0}.Debug|Any CPU.Build.0 = Debug|Any CPU
		{2A2DD4EE-7BC4-4C6D-97A3-C761DBCAAAD0}.Release|Any CPU.ActiveCfg = Release|Any CPU
		{2A2DD4EE-7BC4-4C6D-97A3-C761DBCAAAD0}.Release|Any CPU.Build.0 = Release|Any CPU
		{A0D6950E-09CB-437D-8FB9-7D5EE3EAF3DB}.Debug|Any CPU.ActiveCfg = Debug|Any CPU
		{A0D6950E-09CB-437D-8FB9-7D5EE3EAF3DB}.Debug|Any CPU.Build.0 = Debug|Any CPU
		{A0D6950E-09CB-437D-8FB9-7D5EE3EAF3DB}.Release|Any CPU.ActiveCfg = Release|Any CPU
		{A0D6950E-09CB-437D-8FB9-7D5EE3EAF3DB}.Release|Any CPU.Build.0 = Release|Any CPU
		{B854EA71-AD14-4A83-BAE0-40AEC7A98FFE}.Debug|Any CPU.ActiveCfg = Debug|Any CPU
		{B854EA71-AD14-4A83-BAE0-40AEC7A98FFE}.Debug|Any CPU.Build.0 = Debug|Any CPU
		{B854EA71-AD14-4A83-BAE0-40AEC7A98FFE}.Release|Any CPU.ActiveCfg = Release|Any CPU
		{B854EA71-AD14-4A83-BAE0-40AEC7A98FFE}.Release|Any CPU.Build.0 = Release|Any CPU
		{EBBBAC4A-752F-4069-B0CD-D9054386FB4C}.Debug|Any CPU.ActiveCfg = Debug|Any CPU
		{EBBBAC4A-752F-4069-B0CD-D9054386FB4C}.Debug|Any CPU.Build.0 = Debug|Any CPU
		{EBBBAC4A-752F-4069-B0CD-D9054386FB4C}.Release|Any CPU.ActiveCfg = Release|Any CPU
		{EBBBAC4A-752F-4069-B0CD-D9054386FB4C}.Release|Any CPU.Build.0 = Release|Any CPU
	EndGlobalSection
	GlobalSection(SolutionProperties) = preSolution
		HideSolutionNode = FALSE
	EndGlobalSection
	GlobalSection(ExtensibilityGlobals) = postSolution
		SolutionGuid = {063734D0-0A62-4890-A400-E328BE80056F}
	EndGlobalSection
EndGlobal
